
Microsoft Visual Studio Solution File, Format Version 12.00
# Visual Studio Version 17
VisualStudioVersion = 17.4.33122.133
MinimumVisualStudioVersion = 10.0.40219.1
Project("{FAE04EC0-301F-11D3-BF4B-00C04F79EFBC}") = "globothai", "globothai\globothai.csproj", "{213D0CC2-2544-45E9-861D-F4AE33759F7A}"
EndProject
Global
	GlobalSection(SolutionConfigurationPlatforms) = preSolution
		Debug|Any CPU = Debug|Any CPU
		Release|Any CPU = Release|Any CPU
	EndGlobalSection
	GlobalSection(ProjectConfigurationPlatforms) = postSolution
		{213D0CC2-2544-45E9-861D-F4AE33759F7A}.Debug|Any CPU.ActiveCfg = Debug|Any CPU
		{213D0CC2-2544-45E9-861D-F4AE33759F7A}.Debug|Any CPU.Build.0 = Debug|Any CPU
		{213D0CC2-2544-45E9-861D-F4AE33759F7A}.Release|Any CPU.ActiveCfg = Release|Any CPU
		{213D0CC2-2544-45E9-861D-F4AE33759F7A}.Release|Any CPU.Build.0 = Release|Any CPU
	EndGlobalSection
	GlobalSection(SolutionProperties) = preSolution
		HideSolutionNode = FALSE
	EndGlobalSection
	GlobalSection(ExtensibilityGlobals) = postSolution
		SolutionGuid = {DF58E910-73AC-433A-9B64-54B31DD12F55}
	EndGlobalSection
EndGlobal
